
Microsoft Visual Studio Solution File, Format Version 12.00
# Visual Studio Version 17
VisualStudioVersion = 17.13.35931.197
MinimumVisualStudioVersion = 10.0.40219.1
Project("{FAE04EC0-301F-11D3-BF4B-00C04F79EFBC}") = "WebApplication1", "WebApplication1\WebApplication1.csproj", "{0DE352FC-8AEE-4FF3-ACC4-A6785820EE97}"
EndProject
Global
	GlobalSection(SolutionConfigurationPlatforms) = preSolution
		Debug|Any CPU = Debug|Any CPU
		Release|Any CPU = Release|Any CPU
	EndGlobalSection
	GlobalSection(ProjectConfigurationPlatforms) = postSolution
		{0DE352FC-8AEE-4FF3-ACC4-A6785820EE97}.Debug|Any CPU.ActiveCfg = Debug|Any CPU
		{0DE352FC-8AEE-4FF3-ACC4-A6785820EE97}.Debug|Any CPU.Build.0 = Debug|Any CPU
		{0DE352FC-8AEE-4FF3-ACC4-A6785820EE97}.Release|Any CPU.ActiveCfg = Release|Any CPU
		{0DE352FC-8AEE-4FF3-ACC4-A6785820EE97}.Release|Any CPU.Build.0 = Release|Any CPU
	EndGlobalSection
	GlobalSection(SolutionProperties) = preSolution
		HideSolutionNode = FALSE
	EndGlobalSection
	GlobalSection(ExtensibilityGlobals) = postSolution
		SolutionGuid = {A9F25080-3A71-4B66-924A-487E8ECAF950}
	EndGlobalSection
EndGlobal
